// !$*UTF8*$!
{
	archiveVersion = 1;
	classes = {
	};
	objectVersion = 50;
	objects = {

/* Begin PBXBuildFile section */
		3040D35F49D34DDDCE08F132 /* Pods_EUweather.framework in Frameworks */ = {isa = PBXBuildFile; fileRef = BA418A0A225E0DB60BF35885 /* Pods_EUweather.framework */; };
		411465A323ACC4B10086C9EE /* CitySelecting.storyboard in Resources */ = {isa = PBXBuildFile; fileRef = 411465A223ACC4B10086C9EE /* CitySelecting.storyboard */; };
		411465A523ACCA270086C9EE /* CitySelectingViewController.swift in Sources */ = {isa = PBXBuildFile; fileRef = 411465A423ACCA270086C9EE /* CitySelectingViewController.swift */; };
		411465A723ACCA4D0086C9EE /* CitySelectingCell.swift in Sources */ = {isa = PBXBuildFile; fileRef = 411465A623ACCA4D0086C9EE /* CitySelectingCell.swift */; };
		411465A923ACCA800086C9EE /* CitySelectingViewModel.swift in Sources */ = {isa = PBXBuildFile; fileRef = 411465A823ACCA800086C9EE /* CitySelectingViewModel.swift */; };
		411465AB23ACD0560086C9EE /* UITableViewCell+cellId.swift in Sources */ = {isa = PBXBuildFile; fileRef = 411465AA23ACD0560086C9EE /* UITableViewCell+cellId.swift */; };
		41CD21A523AB95E60029E13E /* AppDelegate.swift in Sources */ = {isa = PBXBuildFile; fileRef = 41CD21A423AB95E60029E13E /* AppDelegate.swift */; };
		41CD21AC23AB95E60029E13E /* WeatherDisplaying.storyboard in Resources */ = {isa = PBXBuildFile; fileRef = 41CD21AA23AB95E60029E13E /* WeatherDisplaying.storyboard */; };
		41CD21AE23AB95E80029E13E /* Assets.xcassets in Resources */ = {isa = PBXBuildFile; fileRef = 41CD21AD23AB95E80029E13E /* Assets.xcassets */; };
		41CD21B123AB95E80029E13E /* LaunchScreen.storyboard in Resources */ = {isa = PBXBuildFile; fileRef = 41CD21AF23AB95E80029E13E /* LaunchScreen.storyboard */; };
		41CD21D823AB97A20029E13E /* Test.storyboard in Resources */ = {isa = PBXBuildFile; fileRef = 41CD21D723AB97A20029E13E /* Test.storyboard */; };
		41CD21DC23AB98EF0029E13E /* AppLaunching.swift in Sources */ = {isa = PBXBuildFile; fileRef = 41CD21DB23AB98EF0029E13E /* AppLaunching.swift */; };
		41CD21DF23AB993F0029E13E /* DI.swift in Sources */ = {isa = PBXBuildFile; fileRef = 41CD21DE23AB993F0029E13E /* DI.swift */; };
		41CD21E723ABAC2F0029E13E /* euCapitals.json in Resources */ = {isa = PBXBuildFile; fileRef = 41CD21E623ABAC2F0029E13E /* euCapitals.json */; };
		41CD21EB23ABACBF0029E13E /* City.swift in Sources */ = {isa = PBXBuildFile; fileRef = 41CD21EA23ABACBF0029E13E /* City.swift */; };
		41CD21ED23ABAD080029E13E /* CityProviding.swift in Sources */ = {isa = PBXBuildFile; fileRef = 41CD21EC23ABAD080029E13E /* CityProviding.swift */; };
		41CD21EF23ABAEEE0029E13E /* CityProvidingTests.swift in Sources */ = {isa = PBXBuildFile; fileRef = 41CD21EE23ABAEEE0029E13E /* CityProvidingTests.swift */; };
		41CD21F123ABB9530029E13E /* Resource.swift in Sources */ = {isa = PBXBuildFile; fileRef = 41CD21F023ABB9530029E13E /* Resource.swift */; };
		41CD21F423ABC8B40029E13E /* WeatherService.swift in Sources */ = {isa = PBXBuildFile; fileRef = 41CD21F323ABC8B40029E13E /* WeatherService.swift */; };
		41CD21F723ABCF8F0029E13E /* WeatherDAO.swift in Sources */ = {isa = PBXBuildFile; fileRef = 41CD21F623ABCF8F0029E13E /* WeatherDAO.swift */; };
		41CD21F923ABD0450029E13E /* WeatherServiceTests.swift in Sources */ = {isa = PBXBuildFile; fileRef = 41CD21F823ABD0450029E13E /* WeatherServiceTests.swift */; };
		41CD21FC23ABE4E30029E13E /* Config.swift in Sources */ = {isa = PBXBuildFile; fileRef = 41CD21FB23ABE4E30029E13E /* Config.swift */; };
		41CD21FE23ABE97A0029E13E /* HttpStatusCode.swift in Sources */ = {isa = PBXBuildFile; fileRef = 41CD21FD23ABE97A0029E13E /* HttpStatusCode.swift */; };
		41CD220223AC151B0029E13E /* WeatherDisplayViewController.swift in Sources */ = {isa = PBXBuildFile; fileRef = 41CD220123AC151B0029E13E /* WeatherDisplayViewController.swift */; };
		41CD220423AC155B0029E13E /* WeatherDisplayCell.swift in Sources */ = {isa = PBXBuildFile; fileRef = 41CD220323AC155B0029E13E /* WeatherDisplayCell.swift */; };
		41CD220623AC15E10029E13E /* WeatherDisplayViewModel.swift in Sources */ = {isa = PBXBuildFile; fileRef = 41CD220523AC15E10029E13E /* WeatherDisplayViewModel.swift */; };
		41CD220923AC1C310029E13E /* ObservableValue.swift in Sources */ = {isa = PBXBuildFile; fileRef = 41CD220823AC1C310029E13E /* ObservableValue.swift */; };
		41CD220B23AC1DBF0029E13E /* CityWeather.swift in Sources */ = {isa = PBXBuildFile; fileRef = 41CD220A23AC1DBF0029E13E /* CityWeather.swift */; };
		41CD220D23AC24920029E13E /* WeatherDisplayViewModelTests.swift in Sources */ = {isa = PBXBuildFile; fileRef = 41CD220C23AC24920029E13E /* WeatherDisplayViewModelTests.swift */; };
		41CD220F23AC258D0029E13E /* PropertyWrappers.swift in Sources */ = {isa = PBXBuildFile; fileRef = 41CD220E23AC258D0029E13E /* PropertyWrappers.swift */; };
		41CD221223AC29AC0029E13E /* Collection+Extensions.swift in Sources */ = {isa = PBXBuildFile; fileRef = 41CD221123AC29AC0029E13E /* Collection+Extensions.swift */; };
		41CD221423AC2CF40029E13E /* WeatherProviding.swift in Sources */ = {isa = PBXBuildFile; fileRef = 41CD221323AC2CF40029E13E /* WeatherProviding.swift */; };
		41CD221623AC360A0029E13E /* UserDefaultsFactory.swift in Sources */ = {isa = PBXBuildFile; fileRef = 41CD221523AC360A0029E13E /* UserDefaultsFactory.swift */; };
		41CD221823AC524D0029E13E /* WeatherProviderTests.swift in Sources */ = {isa = PBXBuildFile; fileRef = 41CD221723AC524D0029E13E /* WeatherProviderTests.swift */; };
		41CD221A23AC5C5F0029E13E /* Localizable.strings in Resources */ = {isa = PBXBuildFile; fileRef = 41CD221923AC5C5F0029E13E /* Localizable.strings */; };
/* End PBXBuildFile section */

/* Begin PBXContainerItemProxy section */
		41CD21B823AB95E80029E13E /* PBXContainerItemProxy */ = {
			isa = PBXContainerItemProxy;
			containerPortal = 41CD219923AB95E60029E13E /* Project object */;
			proxyType = 1;
			remoteGlobalIDString = 41CD21A023AB95E60029E13E;
			remoteInfo = EUweather;
		};
/* End PBXContainerItemProxy section */

/* Begin PBXFileReference section */
		411465A223ACC4B10086C9EE /* CitySelecting.storyboard */ = {isa = PBXFileReference; lastKnownFileType = file.storyboard; path = CitySelecting.storyboard; sourceTree = "<group>"; };
		411465A423ACCA270086C9EE /* CitySelectingViewController.swift */ = {isa = PBXFileReference; lastKnownFileType = sourcecode.swift; path = CitySelectingViewController.swift; sourceTree = "<group>"; };
		411465A623ACCA4D0086C9EE /* CitySelectingCell.swift */ = {isa = PBXFileReference; lastKnownFileType = sourcecode.swift; path = CitySelectingCell.swift; sourceTree = "<group>"; };
		411465A823ACCA800086C9EE /* CitySelectingViewModel.swift */ = {isa = PBXFileReference; lastKnownFileType = sourcecode.swift; path = CitySelectingViewModel.swift; sourceTree = "<group>"; };
		411465AA23ACD0560086C9EE /* UITableViewCell+cellId.swift */ = {isa = PBXFileReference; lastKnownFileType = sourcecode.swift; path = "UITableViewCell+cellId.swift"; sourceTree = "<group>"; };
		41CD21A123AB95E60029E13E /* EUweather.app */ = {isa = PBXFileReference; explicitFileType = wrapper.application; includeInIndex = 0; path = EUweather.app; sourceTree = BUILT_PRODUCTS_DIR; };
		41CD21A423AB95E60029E13E /* AppDelegate.swift */ = {isa = PBXFileReference; lastKnownFileType = sourcecode.swift; path = AppDelegate.swift; sourceTree = "<group>"; };
		41CD21AB23AB95E60029E13E /* Base */ = {isa = PBXFileReference; lastKnownFileType = file.storyboard; name = Base; path = Base.lproj/WeatherDisplaying.storyboard; sourceTree = "<group>"; };
		41CD21AD23AB95E80029E13E /* Assets.xcassets */ = {isa = PBXFileReference; lastKnownFileType = folder.assetcatalog; path = Assets.xcassets; sourceTree = "<group>"; };
		41CD21B023AB95E80029E13E /* Base */ = {isa = PBXFileReference; lastKnownFileType = file.storyboard; name = Base; path = Base.lproj/LaunchScreen.storyboard; sourceTree = "<group>"; };
		41CD21B223AB95E80029E13E /* Info.plist */ = {isa = PBXFileReference; lastKnownFileType = text.plist.xml; path = Info.plist; sourceTree = "<group>"; };
		41CD21B723AB95E80029E13E /* EUweatherTests.xctest */ = {isa = PBXFileReference; explicitFileType = wrapper.cfbundle; includeInIndex = 0; path = EUweatherTests.xctest; sourceTree = BUILT_PRODUCTS_DIR; };
		41CD21BD23AB95E80029E13E /* Info.plist */ = {isa = PBXFileReference; lastKnownFileType = text.plist.xml; path = Info.plist; sourceTree = "<group>"; };
		41CD21D723AB97A20029E13E /* Test.storyboard */ = {isa = PBXFileReference; fileEncoding = 4; lastKnownFileType = file.storyboard; path = Test.storyboard; sourceTree = "<group>"; };
		41CD21DB23AB98EF0029E13E /* AppLaunching.swift */ = {isa = PBXFileReference; fileEncoding = 4; lastKnownFileType = sourcecode.swift; path = AppLaunching.swift; sourceTree = "<group>"; };
		41CD21DE23AB993F0029E13E /* DI.swift */ = {isa = PBXFileReference; fileEncoding = 4; lastKnownFileType = sourcecode.swift; path = DI.swift; sourceTree = "<group>"; };
		41CD21E623ABAC2F0029E13E /* euCapitals.json */ = {isa = PBXFileReference; fileEncoding = 4; lastKnownFileType = text.json; path = euCapitals.json; sourceTree = "<group>"; };
		41CD21EA23ABACBF0029E13E /* City.swift */ = {isa = PBXFileReference; lastKnownFileType = sourcecode.swift; path = City.swift; sourceTree = "<group>"; };
		41CD21EC23ABAD080029E13E /* CityProviding.swift */ = {isa = PBXFileReference; lastKnownFileType = sourcecode.swift; path = CityProviding.swift; sourceTree = "<group>"; };
		41CD21EE23ABAEEE0029E13E /* CityProvidingTests.swift */ = {isa = PBXFileReference; lastKnownFileType = sourcecode.swift; path = CityProvidingTests.swift; sourceTree = "<group>"; };
		41CD21F023ABB9530029E13E /* Resource.swift */ = {isa = PBXFileReference; lastKnownFileType = sourcecode.swift; path = Resource.swift; sourceTree = "<group>"; };
		41CD21F323ABC8B40029E13E /* WeatherService.swift */ = {isa = PBXFileReference; lastKnownFileType = sourcecode.swift; path = WeatherService.swift; sourceTree = "<group>"; };
		41CD21F623ABCF8F0029E13E /* WeatherDAO.swift */ = {isa = PBXFileReference; lastKnownFileType = sourcecode.swift; path = WeatherDAO.swift; sourceTree = "<group>"; };
		41CD21F823ABD0450029E13E /* WeatherServiceTests.swift */ = {isa = PBXFileReference; lastKnownFileType = sourcecode.swift; path = WeatherServiceTests.swift; sourceTree = "<group>"; };
		41CD21FB23ABE4E30029E13E /* Config.swift */ = {isa = PBXFileReference; lastKnownFileType = sourcecode.swift; path = Config.swift; sourceTree = "<group>"; };
		41CD21FD23ABE97A0029E13E /* HttpStatusCode.swift */ = {isa = PBXFileReference; fileEncoding = 4; lastKnownFileType = sourcecode.swift; path = HttpStatusCode.swift; sourceTree = "<group>"; };
		41CD220123AC151B0029E13E /* WeatherDisplayViewController.swift */ = {isa = PBXFileReference; lastKnownFileType = sourcecode.swift; path = WeatherDisplayViewController.swift; sourceTree = "<group>"; };
		41CD220323AC155B0029E13E /* WeatherDisplayCell.swift */ = {isa = PBXFileReference; lastKnownFileType = sourcecode.swift; path = WeatherDisplayCell.swift; sourceTree = "<group>"; };
		41CD220523AC15E10029E13E /* WeatherDisplayViewModel.swift */ = {isa = PBXFileReference; lastKnownFileType = sourcecode.swift; path = WeatherDisplayViewModel.swift; sourceTree = "<group>"; };
		41CD220823AC1C310029E13E /* ObservableValue.swift */ = {isa = PBXFileReference; lastKnownFileType = sourcecode.swift; path = ObservableValue.swift; sourceTree = "<group>"; };
		41CD220A23AC1DBF0029E13E /* CityWeather.swift */ = {isa = PBXFileReference; lastKnownFileType = sourcecode.swift; path = CityWeather.swift; sourceTree = "<group>"; };
		41CD220C23AC24920029E13E /* WeatherDisplayViewModelTests.swift */ = {isa = PBXFileReference; lastKnownFileType = sourcecode.swift; path = WeatherDisplayViewModelTests.swift; sourceTree = "<group>"; };
		41CD220E23AC258D0029E13E /* PropertyWrappers.swift */ = {isa = PBXFileReference; lastKnownFileType = sourcecode.swift; path = PropertyWrappers.swift; sourceTree = "<group>"; };
		41CD221123AC29AC0029E13E /* Collection+Extensions.swift */ = {isa = PBXFileReference; fileEncoding = 4; lastKnownFileType = sourcecode.swift; path = "Collection+Extensions.swift"; sourceTree = "<group>"; };
		41CD221323AC2CF40029E13E /* WeatherProviding.swift */ = {isa = PBXFileReference; lastKnownFileType = sourcecode.swift; path = WeatherProviding.swift; sourceTree = "<group>"; };
		41CD221523AC360A0029E13E /* UserDefaultsFactory.swift */ = {isa = PBXFileReference; lastKnownFileType = sourcecode.swift; path = UserDefaultsFactory.swift; sourceTree = "<group>"; };
		41CD221723AC524D0029E13E /* WeatherProviderTests.swift */ = {isa = PBXFileReference; lastKnownFileType = sourcecode.swift; path = WeatherProviderTests.swift; sourceTree = "<group>"; };
		41CD221923AC5C5F0029E13E /* Localizable.strings */ = {isa = PBXFileReference; lastKnownFileType = text.plist.strings; path = Localizable.strings; sourceTree = "<group>"; };
		7728F3CEE9D142F2877044A7 /* Pods-EUweather.release.xcconfig */ = {isa = PBXFileReference; includeInIndex = 1; lastKnownFileType = text.xcconfig; name = "Pods-EUweather.release.xcconfig"; path = "Target Support Files/Pods-EUweather/Pods-EUweather.release.xcconfig"; sourceTree = "<group>"; };
		B3E3AA693CD58BF48F8D958C /* Pods-EUweather.debug.xcconfig */ = {isa = PBXFileReference; includeInIndex = 1; lastKnownFileType = text.xcconfig; name = "Pods-EUweather.debug.xcconfig"; path = "Target Support Files/Pods-EUweather/Pods-EUweather.debug.xcconfig"; sourceTree = "<group>"; };
		B8577B6A86A00A5F7D91334C /* Pods-EUweather.unittest.xcconfig */ = {isa = PBXFileReference; includeInIndex = 1; lastKnownFileType = text.xcconfig; name = "Pods-EUweather.unittest.xcconfig"; path = "Target Support Files/Pods-EUweather/Pods-EUweather.unittest.xcconfig"; sourceTree = "<group>"; };
		BA418A0A225E0DB60BF35885 /* Pods_EUweather.framework */ = {isa = PBXFileReference; explicitFileType = wrapper.framework; includeInIndex = 0; path = Pods_EUweather.framework; sourceTree = BUILT_PRODUCTS_DIR; };
/* End PBXFileReference section */

/* Begin PBXFrameworksBuildPhase section */
		41CD219E23AB95E60029E13E /* Frameworks */ = {
			isa = PBXFrameworksBuildPhase;
			buildActionMask = 2147483647;
			files = (
				3040D35F49D34DDDCE08F132 /* Pods_EUweather.framework in Frameworks */,
			);
			runOnlyForDeploymentPostprocessing = 0;
		};
		41CD21B423AB95E80029E13E /* Frameworks */ = {
			isa = PBXFrameworksBuildPhase;
			buildActionMask = 2147483647;
			files = (
			);
			runOnlyForDeploymentPostprocessing = 0;
		};
/* End PBXFrameworksBuildPhase section */

/* Begin PBXGroup section */
		28D6345A9FD6F0F34198A910 /* Pods */ = {
			isa = PBXGroup;
			children = (
				B3E3AA693CD58BF48F8D958C /* Pods-EUweather.debug.xcconfig */,
				B8577B6A86A00A5F7D91334C /* Pods-EUweather.unittest.xcconfig */,
				7728F3CEE9D142F2877044A7 /* Pods-EUweather.release.xcconfig */,
			);
			name = Pods;
			path = Pods;
			sourceTree = "<group>";
		};
		41CD219823AB95E60029E13E = {
			isa = PBXGroup;
			children = (
				41CD21A323AB95E60029E13E /* EUweather */,
				41CD21BA23AB95E80029E13E /* EUweatherTests */,
				41CD21A223AB95E60029E13E /* Products */,
				28D6345A9FD6F0F34198A910 /* Pods */,
				70E72040607D5E3BA4B8A65F /* Frameworks */,
			);
			sourceTree = "<group>";
		};
		41CD21A223AB95E60029E13E /* Products */ = {
			isa = PBXGroup;
			children = (
				41CD21A123AB95E60029E13E /* EUweather.app */,
				41CD21B723AB95E80029E13E /* EUweatherTests.xctest */,
			);
			name = Products;
			sourceTree = "<group>";
		};
		41CD21A323AB95E60029E13E /* EUweather */ = {
			isa = PBXGroup;
			children = (
				41CD220723AC1C200029E13E /* Common */,
				41CD21DD23AB990E0029E13E /* DI */,
				41CD21FA23ABE4CB0029E13E /* Config */,
				41CD221023AC27810029E13E /* Extension */,
				41CD21F223ABC88E0029E13E /* Service */,
				41CD21E823ABAC590029E13E /* BusinessModel */,
				41CD21E023AB99C30029E13E /* SharedUI */,
				41CD21D923AB98C40029E13E /* UseCase */,
				41CD21E123ABAB3F0029E13E /* Resources */,
				41CD21A423AB95E60029E13E /* AppDelegate.swift */,
				41CD21B223AB95E80029E13E /* Info.plist */,
			);
			path = EUweather;
			sourceTree = "<group>";
		};
		41CD21BA23AB95E80029E13E /* EUweatherTests */ = {
			isa = PBXGroup;
			children = (
				41CD221723AC524D0029E13E /* WeatherProviderTests.swift */,
				41CD220C23AC24920029E13E /* WeatherDisplayViewModelTests.swift */,
				41CD21F823ABD0450029E13E /* WeatherServiceTests.swift */,
				41CD21EE23ABAEEE0029E13E /* CityProvidingTests.swift */,
				41CD21D723AB97A20029E13E /* Test.storyboard */,
				41CD21BD23AB95E80029E13E /* Info.plist */,
			);
			path = EUweatherTests;
			sourceTree = "<group>";
		};
		41CD21D923AB98C40029E13E /* UseCase */ = {
			isa = PBXGroup;
			children = (
				41CD21DA23AB98EF0029E13E /* AppLaunching */,
				41CD21FF23AC0C860029E13E /* CitySelecting */,
				41CD220023AC0C9C0029E13E /* WeatherDisplaying */,
			);
			path = UseCase;
			sourceTree = "<group>";
		};
		41CD21DA23AB98EF0029E13E /* AppLaunching */ = {
			isa = PBXGroup;
			children = (
				41CD21DB23AB98EF0029E13E /* AppLaunching.swift */,
			);
			path = AppLaunching;
			sourceTree = "<group>";
		};
		41CD21DD23AB990E0029E13E /* DI */ = {
			isa = PBXGroup;
			children = (
				41CD21DE23AB993F0029E13E /* DI.swift */,
			);
			path = DI;
			sourceTree = "<group>";
		};
		41CD21E023AB99C30029E13E /* SharedUI */ = {
			isa = PBXGroup;
			children = (
				41CD21AD23AB95E80029E13E /* Assets.xcassets */,
				41CD21AF23AB95E80029E13E /* LaunchScreen.storyboard */,
				411465AA23ACD0560086C9EE /* UITableViewCell+cellId.swift */,
			);
			path = SharedUI;
			sourceTree = "<group>";
		};
		41CD21E123ABAB3F0029E13E /* Resources */ = {
			isa = PBXGroup;
			children = (
				41CD21F023ABB9530029E13E /* Resource.swift */,
				41CD21E623ABAC2F0029E13E /* euCapitals.json */,
				41CD221923AC5C5F0029E13E /* Localizable.strings */,
			);
			path = Resources;
			sourceTree = "<group>";
		};
		41CD21E823ABAC590029E13E /* BusinessModel */ = {
			isa = PBXGroup;
			children = (
				41CD21F523ABCA710029E13E /* WeatherProviding */,
				41CD21E923ABAC7F0029E13E /* CityProviding */,
			);
			path = BusinessModel;
			sourceTree = "<group>";
		};
		41CD21E923ABAC7F0029E13E /* CityProviding */ = {
			isa = PBXGroup;
			children = (
				41CD21EA23ABACBF0029E13E /* City.swift */,
				41CD21EC23ABAD080029E13E /* CityProviding.swift */,
			);
			path = CityProviding;
			sourceTree = "<group>";
		};
		41CD21F223ABC88E0029E13E /* Service */ = {
			isa = PBXGroup;
			children = (
				41CD21FD23ABE97A0029E13E /* HttpStatusCode.swift */,
				41CD21F623ABCF8F0029E13E /* WeatherDAO.swift */,
				41CD21F323ABC8B40029E13E /* WeatherService.swift */,
			);
			path = Service;
			sourceTree = "<group>";
		};
		41CD21F523ABCA710029E13E /* WeatherProviding */ = {
			isa = PBXGroup;
			children = (
				41CD220A23AC1DBF0029E13E /* CityWeather.swift */,
				41CD221323AC2CF40029E13E /* WeatherProviding.swift */,
			);
			path = WeatherProviding;
			sourceTree = "<group>";
		};
		41CD21FA23ABE4CB0029E13E /* Config */ = {
			isa = PBXGroup;
			children = (
				41CD21FB23ABE4E30029E13E /* Config.swift */,
			);
			path = Config;
			sourceTree = "<group>";
		};
		41CD21FF23AC0C860029E13E /* CitySelecting */ = {
			isa = PBXGroup;
			children = (
				411465A223ACC4B10086C9EE /* CitySelecting.storyboard */,
				411465A423ACCA270086C9EE /* CitySelectingViewController.swift */,
				411465A623ACCA4D0086C9EE /* CitySelectingCell.swift */,
				411465A823ACCA800086C9EE /* CitySelectingViewModel.swift */,
			);
			path = CitySelecting;
			sourceTree = "<group>";
		};
		41CD220023AC0C9C0029E13E /* WeatherDisplaying */ = {
			isa = PBXGroup;
			children = (
				41CD21AA23AB95E60029E13E /* WeatherDisplaying.storyboard */,
				41CD220123AC151B0029E13E /* WeatherDisplayViewController.swift */,
				41CD220323AC155B0029E13E /* WeatherDisplayCell.swift */,
				41CD220523AC15E10029E13E /* WeatherDisplayViewModel.swift */,
			);
			path = WeatherDisplaying;
			sourceTree = "<group>";
		};
		41CD220723AC1C200029E13E /* Common */ = {
			isa = PBXGroup;
			children = (
				41CD220823AC1C310029E13E /* ObservableValue.swift */,
				41CD220E23AC258D0029E13E /* PropertyWrappers.swift */,
				41CD221523AC360A0029E13E /* UserDefaultsFactory.swift */,
			);
			path = Common;
			sourceTree = "<group>";
		};
		41CD221023AC27810029E13E /* Extension */ = {
			isa = PBXGroup;
			children = (
				41CD221123AC29AC0029E13E /* Collection+Extensions.swift */,
			);
			path = Extension;
			sourceTree = "<group>";
		};
		70E72040607D5E3BA4B8A65F /* Frameworks */ = {
			isa = PBXGroup;
			children = (
				BA418A0A225E0DB60BF35885 /* Pods_EUweather.framework */,
			);
			name = Frameworks;
			sourceTree = "<group>";
		};
/* End PBXGroup section */

/* Begin PBXNativeTarget section */
		41CD21A023AB95E60029E13E /* EUweather */ = {
			isa = PBXNativeTarget;
			buildConfigurationList = 41CD21CB23AB95E80029E13E /* Build configuration list for PBXNativeTarget "EUweather" */;
			buildPhases = (
				6DBB92FD8C642CCF460CD91B /* [CP] Check Pods Manifest.lock */,
				41CD219D23AB95E60029E13E /* Sources */,
				41CD219E23AB95E60029E13E /* Frameworks */,
				41CD219F23AB95E60029E13E /* Resources */,
				5BE07A699E08BE46472DD599 /* [CP] Embed Pods Frameworks */,
			);
			buildRules = (
			);
			dependencies = (
			);
			name = EUweather;
			productName = EUweather;
			productReference = 41CD21A123AB95E60029E13E /* EUweather.app */;
			productType = "com.apple.product-type.application";
		};
		41CD21B623AB95E80029E13E /* EUweatherTests */ = {
			isa = PBXNativeTarget;
			buildConfigurationList = 41CD21CE23AB95E80029E13E /* Build configuration list for PBXNativeTarget "EUweatherTests" */;
			buildPhases = (
				41CD21B323AB95E80029E13E /* Sources */,
				41CD21B423AB95E80029E13E /* Frameworks */,
				41CD21B523AB95E80029E13E /* Resources */,
			);
			buildRules = (
			);
			dependencies = (
				41CD21B923AB95E80029E13E /* PBXTargetDependency */,
			);
			name = EUweatherTests;
			productName = EUweatherTests;
			productReference = 41CD21B723AB95E80029E13E /* EUweatherTests.xctest */;
			productType = "com.apple.product-type.bundle.unit-test";
		};
/* End PBXNativeTarget section */

/* Begin PBXProject section */
		41CD219923AB95E60029E13E /* Project object */ = {
			isa = PBXProject;
			attributes = {
				LastSwiftUpdateCheck = 1130;
				LastUpgradeCheck = 1130;
				ORGANIZATIONNAME = ALi;
				TargetAttributes = {
					41CD21A023AB95E60029E13E = {
						CreatedOnToolsVersion = 11.3;
					};
					41CD21B623AB95E80029E13E = {
						CreatedOnToolsVersion = 11.3;
						TestTargetID = 41CD21A023AB95E60029E13E;
					};
				};
			};
			buildConfigurationList = 41CD219C23AB95E60029E13E /* Build configuration list for PBXProject "EUweather" */;
			compatibilityVersion = "Xcode 9.3";
			developmentRegion = en;
			hasScannedForEncodings = 0;
			knownRegions = (
				en,
				Base,
			);
			mainGroup = 41CD219823AB95E60029E13E;
			productRefGroup = 41CD21A223AB95E60029E13E /* Products */;
			projectDirPath = "";
			projectRoot = "";
			targets = (
				41CD21A023AB95E60029E13E /* EUweather */,
				41CD21B623AB95E80029E13E /* EUweatherTests */,
			);
		};
/* End PBXProject section */

/* Begin PBXResourcesBuildPhase section */
		41CD219F23AB95E60029E13E /* Resources */ = {
			isa = PBXResourcesBuildPhase;
			buildActionMask = 2147483647;
			files = (
				41CD21B123AB95E80029E13E /* LaunchScreen.storyboard in Resources */,
				411465A323ACC4B10086C9EE /* CitySelecting.storyboard in Resources */,
				41CD221A23AC5C5F0029E13E /* Localizable.strings in Resources */,
				41CD21AE23AB95E80029E13E /* Assets.xcassets in Resources */,
				41CD21D823AB97A20029E13E /* Test.storyboard in Resources */,
				41CD21AC23AB95E60029E13E /* WeatherDisplaying.storyboard in Resources */,
				41CD21E723ABAC2F0029E13E /* euCapitals.json in Resources */,
			);
			runOnlyForDeploymentPostprocessing = 0;
		};
		41CD21B523AB95E80029E13E /* Resources */ = {
			isa = PBXResourcesBuildPhase;
			buildActionMask = 2147483647;
			files = (
			);
			runOnlyForDeploymentPostprocessing = 0;
		};
/* End PBXResourcesBuildPhase section */

/* Begin PBXShellScriptBuildPhase section */
		5BE07A699E08BE46472DD599 /* [CP] Embed Pods Frameworks */ = {
			isa = PBXShellScriptBuildPhase;
			buildActionMask = 2147483647;
			files = (
			);
			inputFileListPaths = (
				"${PODS_ROOT}/Target Support Files/Pods-EUweather/Pods-EUweather-frameworks-${CONFIGURATION}-input-files.xcfilelist",
			);
			name = "[CP] Embed Pods Frameworks";
			outputFileListPaths = (
				"${PODS_ROOT}/Target Support Files/Pods-EUweather/Pods-EUweather-frameworks-${CONFIGURATION}-output-files.xcfilelist",
			);
			runOnlyForDeploymentPostprocessing = 0;
			shellPath = /bin/sh;
			shellScript = "\"${PODS_ROOT}/Target Support Files/Pods-EUweather/Pods-EUweather-frameworks.sh\"\n";
			showEnvVarsInLog = 0;
		};
		6DBB92FD8C642CCF460CD91B /* [CP] Check Pods Manifest.lock */ = {
			isa = PBXShellScriptBuildPhase;
			buildActionMask = 2147483647;
			files = (
			);
			inputFileListPaths = (
			);
			inputPaths = (
				"${PODS_PODFILE_DIR_PATH}/Podfile.lock",
				"${PODS_ROOT}/Manifest.lock",
			);
			name = "[CP] Check Pods Manifest.lock";
			outputFileListPaths = (
			);
			outputPaths = (
				"$(DERIVED_FILE_DIR)/Pods-EUweather-checkManifestLockResult.txt",
			);
			runOnlyForDeploymentPostprocessing = 0;
			shellPath = /bin/sh;
			shellScript = "diff \"${PODS_PODFILE_DIR_PATH}/Podfile.lock\" \"${PODS_ROOT}/Manifest.lock\" > /dev/null\nif [ $? != 0 ] ; then\n    # print error to STDERR\n    echo \"error: The sandbox is not in sync with the Podfile.lock. Run 'pod install' or update your CocoaPods installation.\" >&2\n    exit 1\nfi\n# This output is used by Xcode 'outputs' to avoid re-running this script phase.\necho \"SUCCESS\" > \"${SCRIPT_OUTPUT_FILE_0}\"\n";
			showEnvVarsInLog = 0;
		};
/* End PBXShellScriptBuildPhase section */

/* Begin PBXSourcesBuildPhase section */
		41CD219D23AB95E60029E13E /* Sources */ = {
			isa = PBXSourcesBuildPhase;
			buildActionMask = 2147483647;
			files = (
				41CD21DF23AB993F0029E13E /* DI.swift in Sources */,
				41CD220423AC155B0029E13E /* WeatherDisplayCell.swift in Sources */,
				41CD21DC23AB98EF0029E13E /* AppLaunching.swift in Sources */,
				41CD21FC23ABE4E30029E13E /* Config.swift in Sources */,
				411465A923ACCA800086C9EE /* CitySelectingViewModel.swift in Sources */,
				41CD220B23AC1DBF0029E13E /* CityWeather.swift in Sources */,
				41CD21ED23ABAD080029E13E /* CityProviding.swift in Sources */,
				41CD21FE23ABE97A0029E13E /* HttpStatusCode.swift in Sources */,
				41CD21F123ABB9530029E13E /* Resource.swift in Sources */,
				41CD221623AC360A0029E13E /* UserDefaultsFactory.swift in Sources */,
				41CD21EB23ABACBF0029E13E /* City.swift in Sources */,
				411465AB23ACD0560086C9EE /* UITableViewCell+cellId.swift in Sources */,
				41CD220923AC1C310029E13E /* ObservableValue.swift in Sources */,
				41CD221223AC29AC0029E13E /* Collection+Extensions.swift in Sources */,
				41CD220F23AC258D0029E13E /* PropertyWrappers.swift in Sources */,
				41CD220223AC151B0029E13E /* WeatherDisplayViewController.swift in Sources */,
				41CD221423AC2CF40029E13E /* WeatherProviding.swift in Sources */,
				41CD220623AC15E10029E13E /* WeatherDisplayViewModel.swift in Sources */,
				411465A723ACCA4D0086C9EE /* CitySelectingCell.swift in Sources */,
				41CD21A523AB95E60029E13E /* AppDelegate.swift in Sources */,
				41CD21F423ABC8B40029E13E /* WeatherService.swift in Sources */,
				411465A523ACCA270086C9EE /* CitySelectingViewController.swift in Sources */,
				41CD21F723ABCF8F0029E13E /* WeatherDAO.swift in Sources */,
			);
			runOnlyForDeploymentPostprocessing = 0;
		};
		41CD21B323AB95E80029E13E /* Sources */ = {
			isa = PBXSourcesBuildPhase;
			buildActionMask = 2147483647;
			files = (
				41CD21F923ABD0450029E13E /* WeatherServiceTests.swift in Sources */,
				41CD220D23AC24920029E13E /* WeatherDisplayViewModelTests.swift in Sources */,
				41CD21EF23ABAEEE0029E13E /* CityProvidingTests.swift in Sources */,
				41CD221823AC524D0029E13E /* WeatherProviderTests.swift in Sources */,
			);
			runOnlyForDeploymentPostprocessing = 0;
		};
/* End PBXSourcesBuildPhase section */

/* Begin PBXTargetDependency section */
		41CD21B923AB95E80029E13E /* PBXTargetDependency */ = {
			isa = PBXTargetDependency;
			target = 41CD21A023AB95E60029E13E /* EUweather */;
			targetProxy = 41CD21B823AB95E80029E13E /* PBXContainerItemProxy */;
		};
/* End PBXTargetDependency section */

/* Begin PBXVariantGroup section */
		41CD21AA23AB95E60029E13E /* WeatherDisplaying.storyboard */ = {
			isa = PBXVariantGroup;
			children = (
				41CD21AB23AB95E60029E13E /* Base */,
			);
			name = WeatherDisplaying.storyboard;
			sourceTree = "<group>";
		};
		41CD21AF23AB95E80029E13E /* LaunchScreen.storyboard */ = {
			isa = PBXVariantGroup;
			children = (
				41CD21B023AB95E80029E13E /* Base */,
			);
			name = LaunchScreen.storyboard;
			sourceTree = "<group>";
		};
/* End PBXVariantGroup section */

/* Begin XCBuildConfiguration section */
		41CD21C923AB95E80029E13E /* Debug */ = {
			isa = XCBuildConfiguration;
			buildSettings = {
				ALWAYS_SEARCH_USER_PATHS = NO;
				CLANG_ANALYZER_NONNULL = YES;
				CLANG_ANALYZER_NUMBER_OBJECT_CONVERSION = YES_AGGRESSIVE;
				CLANG_CXX_LANGUAGE_STANDARD = "gnu++14";
				CLANG_CXX_LIBRARY = "libc++";
				CLANG_ENABLE_MODULES = YES;
				CLANG_ENABLE_OBJC_ARC = YES;
				CLANG_ENABLE_OBJC_WEAK = YES;
				CLANG_WARN_BLOCK_CAPTURE_AUTORELEASING = YES;
				CLANG_WARN_BOOL_CONVERSION = YES;
				CLANG_WARN_COMMA = YES;
				CLANG_WARN_CONSTANT_CONVERSION = YES;
				CLANG_WARN_DEPRECATED_OBJC_IMPLEMENTATIONS = YES;
				CLANG_WARN_DIRECT_OBJC_ISA_USAGE = YES_ERROR;
				CLANG_WARN_DOCUMENTATION_COMMENTS = YES;
				CLANG_WARN_EMPTY_BODY = YES;
				CLANG_WARN_ENUM_CONVERSION = YES;
				CLANG_WARN_INFINITE_RECURSION = YES;
				CLANG_WARN_INT_CONVERSION = YES;
				CLANG_WARN_NON_LITERAL_NULL_CONVERSION = YES;
				CLANG_WARN_OBJC_IMPLICIT_RETAIN_SELF = YES;
				CLANG_WARN_OBJC_LITERAL_CONVERSION = YES;
				CLANG_WARN_OBJC_ROOT_CLASS = YES_ERROR;
				CLANG_WARN_RANGE_LOOP_ANALYSIS = YES;
				CLANG_WARN_STRICT_PROTOTYPES = YES;
				CLANG_WARN_SUSPICIOUS_MOVE = YES;
				CLANG_WARN_UNGUARDED_AVAILABILITY = YES_AGGRESSIVE;
				CLANG_WARN_UNREACHABLE_CODE = YES;
				CLANG_WARN__DUPLICATE_METHOD_MATCH = YES;
				COPY_PHASE_STRIP = NO;
				DEBUG_INFORMATION_FORMAT = dwarf;
				ENABLE_STRICT_OBJC_MSGSEND = YES;
				ENABLE_TESTABILITY = YES;
				GCC_C_LANGUAGE_STANDARD = gnu11;
				GCC_DYNAMIC_NO_PIC = NO;
				GCC_NO_COMMON_BLOCKS = YES;
				GCC_OPTIMIZATION_LEVEL = 0;
				GCC_PREPROCESSOR_DEFINITIONS = (
					"DEBUG=1",
					"$(inherited)",
				);
				GCC_WARN_64_TO_32_BIT_CONVERSION = YES;
				GCC_WARN_ABOUT_RETURN_TYPE = YES_ERROR;
				GCC_WARN_UNDECLARED_SELECTOR = YES;
				GCC_WARN_UNINITIALIZED_AUTOS = YES_AGGRESSIVE;
				GCC_WARN_UNUSED_FUNCTION = YES;
				GCC_WARN_UNUSED_VARIABLE = YES;
				INFOPLIST_FILE = "";
				IPHONEOS_DEPLOYMENT_TARGET = 12.0;
				MTL_ENABLE_DEBUG_INFO = INCLUDE_SOURCE;
				MTL_FAST_MATH = YES;
				ONLY_ACTIVE_ARCH = YES;
				SDKROOT = iphoneos;
				SWIFT_ACTIVE_COMPILATION_CONDITIONS = DEBUG;
				SWIFT_OPTIMIZATION_LEVEL = "-Onone";
			};
			name = Debug;
		};
		41CD21CA23AB95E80029E13E /* Release */ = {
			isa = XCBuildConfiguration;
			buildSettings = {
				ALWAYS_SEARCH_USER_PATHS = NO;
				CLANG_ANALYZER_NONNULL = YES;
				CLANG_ANALYZER_NUMBER_OBJECT_CONVERSION = YES_AGGRESSIVE;
				CLANG_CXX_LANGUAGE_STANDARD = "gnu++14";
				CLANG_CXX_LIBRARY = "libc++";
				CLANG_ENABLE_MODULES = YES;
				CLANG_ENABLE_OBJC_ARC = YES;
				CLANG_ENABLE_OBJC_WEAK = YES;
				CLANG_WARN_BLOCK_CAPTURE_AUTORELEASING = YES;
				CLANG_WARN_BOOL_CONVERSION = YES;
				CLANG_WARN_COMMA = YES;
				CLANG_WARN_CONSTANT_CONVERSION = YES;
				CLANG_WARN_DEPRECATED_OBJC_IMPLEMENTATIONS = YES;
				CLANG_WARN_DIRECT_OBJC_ISA_USAGE = YES_ERROR;
				CLANG_WARN_DOCUMENTATION_COMMENTS = YES;
				CLANG_WARN_EMPTY_BODY = YES;
				CLANG_WARN_ENUM_CONVERSION = YES;
				CLANG_WARN_INFINITE_RECURSION = YES;
				CLANG_WARN_INT_CONVERSION = YES;
				CLANG_WARN_NON_LITERAL_NULL_CONVERSION = YES;
				CLANG_WARN_OBJC_IMPLICIT_RETAIN_SELF = YES;
				CLANG_WARN_OBJC_LITERAL_CONVERSION = YES;
				CLANG_WARN_OBJC_ROOT_CLASS = YES_ERROR;
				CLANG_WARN_RANGE_LOOP_ANALYSIS = YES;
				CLANG_WARN_STRICT_PROTOTYPES = YES;
				CLANG_WARN_SUSPICIOUS_MOVE = YES;
				CLANG_WARN_UNGUARDED_AVAILABILITY = YES_AGGRESSIVE;
				CLANG_WARN_UNREACHABLE_CODE = YES;
				CLANG_WARN__DUPLICATE_METHOD_MATCH = YES;
				COPY_PHASE_STRIP = NO;
				DEBUG_INFORMATION_FORMAT = "dwarf-with-dsym";
				ENABLE_NS_ASSERTIONS = NO;
				ENABLE_STRICT_OBJC_MSGSEND = YES;
				GCC_C_LANGUAGE_STANDARD = gnu11;
				GCC_NO_COMMON_BLOCKS = YES;
				GCC_WARN_64_TO_32_BIT_CONVERSION = YES;
				GCC_WARN_ABOUT_RETURN_TYPE = YES_ERROR;
				GCC_WARN_UNDECLARED_SELECTOR = YES;
				GCC_WARN_UNINITIALIZED_AUTOS = YES_AGGRESSIVE;
				GCC_WARN_UNUSED_FUNCTION = YES;
				GCC_WARN_UNUSED_VARIABLE = YES;
				INFOPLIST_FILE = "";
				IPHONEOS_DEPLOYMENT_TARGET = 12.0;
				MTL_ENABLE_DEBUG_INFO = NO;
				MTL_FAST_MATH = YES;
				SDKROOT = iphoneos;
				SWIFT_COMPILATION_MODE = wholemodule;
				SWIFT_OPTIMIZATION_LEVEL = "-O";
				VALIDATE_PRODUCT = YES;
			};
			name = Release;
		};
		41CD21CC23AB95E80029E13E /* Debug */ = {
			isa = XCBuildConfiguration;
			baseConfigurationReference = B3E3AA693CD58BF48F8D958C /* Pods-EUweather.debug.xcconfig */;
			buildSettings = {
				ASSETCATALOG_COMPILER_APPICON_NAME = AppIcon;
				CODE_SIGN_STYLE = Automatic;
				DEVELOPMENT_TEAM = 7KNY3VB5QT;
				INFOPLIST_FILE = EUweather/Info.plist;
				LD_RUNPATH_SEARCH_PATHS = (
					"$(inherited)",
					"@executable_path/Frameworks",
				);
				PRODUCT_BUNDLE_IDENTIFIER = com.mobilefriends.EUweather;
				PRODUCT_NAME = "$(TARGET_NAME)";
				SWIFT_VERSION = 5.0;
				TARGETED_DEVICE_FAMILY = "1,2";
			};
			name = Debug;
		};
		41CD21CD23AB95E80029E13E /* Release */ = {
			isa = XCBuildConfiguration;
			baseConfigurationReference = 7728F3CEE9D142F2877044A7 /* Pods-EUweather.release.xcconfig */;
			buildSettings = {
				ASSETCATALOG_COMPILER_APPICON_NAME = AppIcon;
				CODE_SIGN_STYLE = Automatic;
				DEVELOPMENT_TEAM = 7KNY3VB5QT;
				INFOPLIST_FILE = EUweather/Info.plist;
				LD_RUNPATH_SEARCH_PATHS = (
					"$(inherited)",
					"@executable_path/Frameworks",
				);
				PRODUCT_BUNDLE_IDENTIFIER = com.mobilefriends.EUweather;
				PRODUCT_NAME = "$(TARGET_NAME)";
				SWIFT_VERSION = 5.0;
				TARGETED_DEVICE_FAMILY = "1,2";
			};
			name = Release;
		};
		41CD21CF23AB95E80029E13E /* Debug */ = {
			isa = XCBuildConfiguration;
			buildSettings = {
				ALWAYS_EMBED_SWIFT_STANDARD_LIBRARIES = YES;
				BUNDLE_LOADER = "$(TEST_HOST)";
				CODE_SIGN_STYLE = Automatic;
				DEVELOPMENT_TEAM = 7KNY3VB5QT;
				INFOPLIST_FILE = EUweatherTests/Info.plist;
				IPHONEOS_DEPLOYMENT_TARGET = 13.2;
				LD_RUNPATH_SEARCH_PATHS = (
					"$(inherited)",
					"@executable_path/Frameworks",
					"@loader_path/Frameworks",
				);
				PRODUCT_BUNDLE_IDENTIFIER = com.mobilefriends.EUweatherTests;
				PRODUCT_NAME = "$(TARGET_NAME)";
				SWIFT_VERSION = 5.0;
				TARGETED_DEVICE_FAMILY = "1,2";
				TEST_HOST = "$(BUILT_PRODUCTS_DIR)/EUweather.app/EUweather";
			};
			name = Debug;
		};
		41CD21D023AB95E80029E13E /* Release */ = {
			isa = XCBuildConfiguration;
			buildSettings = {
				ALWAYS_EMBED_SWIFT_STANDARD_LIBRARIES = YES;
				BUNDLE_LOADER = "$(TEST_HOST)";
				CODE_SIGN_STYLE = Automatic;
				DEVELOPMENT_TEAM = 7KNY3VB5QT;
				INFOPLIST_FILE = EUweatherTests/Info.plist;
				IPHONEOS_DEPLOYMENT_TARGET = 13.2;
				LD_RUNPATH_SEARCH_PATHS = (
					"$(inherited)",
					"@executable_path/Frameworks",
					"@loader_path/Frameworks",
				);
				PRODUCT_BUNDLE_IDENTIFIER = com.mobilefriends.EUweatherTests;
				PRODUCT_NAME = "$(TARGET_NAME)";
				SWIFT_VERSION = 5.0;
				TARGETED_DEVICE_FAMILY = "1,2";
				TEST_HOST = "$(BUILT_PRODUCTS_DIR)/EUweather.app/EUweather";
			};
			name = Release;
		};
		41CD21D423AB96FF0029E13E /* UnitTest */ = {
			isa = XCBuildConfiguration;
			buildSettings = {
				ALWAYS_SEARCH_USER_PATHS = NO;
				CLANG_ANALYZER_NONNULL = YES;
				CLANG_ANALYZER_NUMBER_OBJECT_CONVERSION = YES_AGGRESSIVE;
				CLANG_CXX_LANGUAGE_STANDARD = "gnu++14";
				CLANG_CXX_LIBRARY = "libc++";
				CLANG_ENABLE_MODULES = YES;
				CLANG_ENABLE_OBJC_ARC = YES;
				CLANG_ENABLE_OBJC_WEAK = YES;
				CLANG_WARN_BLOCK_CAPTURE_AUTORELEASING = YES;
				CLANG_WARN_BOOL_CONVERSION = YES;
				CLANG_WARN_COMMA = YES;
				CLANG_WARN_CONSTANT_CONVERSION = YES;
				CLANG_WARN_DEPRECATED_OBJC_IMPLEMENTATIONS = YES;
				CLANG_WARN_DIRECT_OBJC_ISA_USAGE = YES_ERROR;
				CLANG_WARN_DOCUMENTATION_COMMENTS = YES;
				CLANG_WARN_EMPTY_BODY = YES;
				CLANG_WARN_ENUM_CONVERSION = YES;
				CLANG_WARN_INFINITE_RECURSION = YES;
				CLANG_WARN_INT_CONVERSION = YES;
				CLANG_WARN_NON_LITERAL_NULL_CONVERSION = YES;
				CLANG_WARN_OBJC_IMPLICIT_RETAIN_SELF = YES;
				CLANG_WARN_OBJC_LITERAL_CONVERSION = YES;
				CLANG_WARN_OBJC_ROOT_CLASS = YES_ERROR;
				CLANG_WARN_RANGE_LOOP_ANALYSIS = YES;
				CLANG_WARN_STRICT_PROTOTYPES = YES;
				CLANG_WARN_SUSPICIOUS_MOVE = YES;
				CLANG_WARN_UNGUARDED_AVAILABILITY = YES_AGGRESSIVE;
				CLANG_WARN_UNREACHABLE_CODE = YES;
				CLANG_WARN__DUPLICATE_METHOD_MATCH = YES;
				COPY_PHASE_STRIP = NO;
				DEBUG_INFORMATION_FORMAT = dwarf;
				ENABLE_STRICT_OBJC_MSGSEND = YES;
				ENABLE_TESTABILITY = YES;
				GCC_C_LANGUAGE_STANDARD = gnu11;
				GCC_DYNAMIC_NO_PIC = NO;
				GCC_NO_COMMON_BLOCKS = YES;
				GCC_OPTIMIZATION_LEVEL = 0;
				GCC_PREPROCESSOR_DEFINITIONS = (
					"DEBUG=1",
					"$(inherited)",
				);
				GCC_WARN_64_TO_32_BIT_CONVERSION = YES;
				GCC_WARN_ABOUT_RETURN_TYPE = YES_ERROR;
				GCC_WARN_UNDECLARED_SELECTOR = YES;
				GCC_WARN_UNINITIALIZED_AUTOS = YES_AGGRESSIVE;
				GCC_WARN_UNUSED_FUNCTION = YES;
				GCC_WARN_UNUSED_VARIABLE = YES;
				INFOPLIST_FILE = "";
				IPHONEOS_DEPLOYMENT_TARGET = 12.0;
				MTL_ENABLE_DEBUG_INFO = INCLUDE_SOURCE;
				MTL_FAST_MATH = YES;
				ONLY_ACTIVE_ARCH = YES;
				SDKROOT = iphoneos;
				SWIFT_ACTIVE_COMPILATION_CONDITIONS = DEBUG;
				SWIFT_OPTIMIZATION_LEVEL = "-Onone";
			};
			name = UnitTest;
		};
		41CD21D523AB96FF0029E13E /* UnitTest */ = {
			isa = XCBuildConfiguration;
			baseConfigurationReference = B8577B6A86A00A5F7D91334C /* Pods-EUweather.unittest.xcconfig */;
			buildSettings = {
				ASSETCATALOG_COMPILER_APPICON_NAME = AppIcon;
				CODE_SIGN_STYLE = Automatic;
				DEVELOPMENT_TEAM = 7KNY3VB5QT;
				INFOPLIST_FILE = EUweather/Info.plist;
				LD_RUNPATH_SEARCH_PATHS = (
					"$(inherited)",
					"@executable_path/Frameworks",
				);
				PRODUCT_BUNDLE_IDENTIFIER = com.mobilefriends.EUweather;
				PRODUCT_NAME = "$(TARGET_NAME)";
				SWIFT_VERSION = 5.0;
				TARGETED_DEVICE_FAMILY = "1,2";
			};
			name = UnitTest;
		};
		41CD21D623AB96FF0029E13E /* UnitTest */ = {
			isa = XCBuildConfiguration;
			buildSettings = {
				ALWAYS_EMBED_SWIFT_STANDARD_LIBRARIES = YES;
				BUNDLE_LOADER = "$(TEST_HOST)";
				CODE_SIGN_STYLE = Automatic;
				DEVELOPMENT_TEAM = 7KNY3VB5QT;
				INFOPLIST_FILE = EUweatherTests/Info.plist;
				IPHONEOS_DEPLOYMENT_TARGET = 13.2;
				LD_RUNPATH_SEARCH_PATHS = (
					"$(inherited)",
					"@executable_path/Frameworks",
					"@loader_path/Frameworks",
				);
				PRODUCT_BUNDLE_IDENTIFIER = com.mobilefriends.EUweatherTests;
				PRODUCT_NAME = "$(TARGET_NAME)";
				SWIFT_VERSION = 5.0;
				TARGETED_DEVICE_FAMILY = "1,2";
				TEST_HOST = "$(BUILT_PRODUCTS_DIR)/EUweather.app/EUweather";
			};
			name = UnitTest;
		};
/* End XCBuildConfiguration section */

/* Begin XCConfigurationList section */
		41CD219C23AB95E60029E13E /* Build configuration list for PBXProject "EUweather" */ = {
			isa = XCConfigurationList;
			buildConfigurations = (
				41CD21C923AB95E80029E13E /* Debug */,
				41CD21D423AB96FF0029E13E /* UnitTest */,
				41CD21CA23AB95E80029E13E /* Release */,
			);
			defaultConfigurationIsVisible = 0;
			defaultConfigurationName = Release;
		};
		41CD21CB23AB95E80029E13E /* Build configuration list for PBXNativeTarget "EUweather" */ = {
			isa = XCConfigurationList;
			buildConfigurations = (
				41CD21CC23AB95E80029E13E /* Debug */,
				41CD21D523AB96FF0029E13E /* UnitTest */,
				41CD21CD23AB95E80029E13E /* Release */,
			);
			defaultConfigurationIsVisible = 0;
			defaultConfigurationName = Release;
		};
		41CD21CE23AB95E80029E13E /* Build configuration list for PBXNativeTarget "EUweatherTests" */ = {
			isa = XCConfigurationList;
			buildConfigurations = (
				41CD21CF23AB95E80029E13E /* Debug */,
				41CD21D623AB96FF0029E13E /* UnitTest */,
				41CD21D023AB95E80029E13E /* Release */,
			);
			defaultConfigurationIsVisible = 0;
			defaultConfigurationName = Release;
		};
/* End XCConfigurationList section */
	};
	rootObject = 41CD219923AB95E60029E13E /* Project object */;
}
